
Microsoft Visual Studio Solution File, Format Version 12.00
# Visual Studio Version 17
VisualStudioVersion = 17.10.35122.118
MinimumVisualStudioVersion = 10.0.40219.1
Project("{FAE04EC0-301F-11D3-BF4B-00C04F79EFBC}") = "Lesson_3_IsabelaAmorim", "Lesson_3_IsabelaAmorim.csproj", "{3403035F-B498-4C9C-BB30-2CF45CA4078A}"
EndProject
Global
	GlobalSection(SolutionConfigurationPlatforms) = preSolution
		Debug|Any CPU = Debug|Any CPU
		Release|Any CPU = Release|Any CPU
	EndGlobalSection
	GlobalSection(ProjectConfigurationPlatforms) = postSolution
		{3403035F-B498-4C9C-BB30-2CF45CA4078A}.Debug|Any CPU.ActiveCfg = Debug|Any CPU
		{3403035F-B498-4C9C-BB30-2CF45CA4078A}.Debug|Any CPU.Build.0 = Debug|Any CPU
		{3403035F-B498-4C9C-BB30-2CF45CA4078A}.Release|Any CPU.ActiveCfg = Release|Any CPU
		{3403035F-B498-4C9C-BB30-2CF45CA4078A}.Release|Any CPU.Build.0 = Release|Any CPU
	EndGlobalSection
	GlobalSection(SolutionProperties) = preSolution
		HideSolutionNode = FALSE
	EndGlobalSection
	GlobalSection(ExtensibilityGlobals) = postSolution
		SolutionGuid = {8D42A883-1C5B-4743-B3F4-3FDB39028ECC}
	EndGlobalSection
EndGlobal
