
Microsoft Visual Studio Solution File, Format Version 12.00
# Visual Studio Version 17
VisualStudioVersion = 17.10.35122.118
MinimumVisualStudioVersion = 10.0.40219.1
Project("{FAE04EC0-301F-11D3-BF4B-00C04F79EFBC}") = "Lesson2_IsabelaAmorim", "Lesson2_IsabelaAmorim.csproj", "{0EE21372-87ED-4B68-919F-902742323E01}"
EndProject
Global
	GlobalSection(SolutionConfigurationPlatforms) = preSolution
		Debug|Any CPU = Debug|Any CPU
		Release|Any CPU = Release|Any CPU
	EndGlobalSection
	GlobalSection(ProjectConfigurationPlatforms) = postSolution
		{0EE21372-87ED-4B68-919F-902742323E01}.Debug|Any CPU.ActiveCfg = Debug|Any CPU
		{0EE21372-87ED-4B68-919F-902742323E01}.Debug|Any CPU.Build.0 = Debug|Any CPU
		{0EE21372-87ED-4B68-919F-902742323E01}.Release|Any CPU.ActiveCfg = Release|Any CPU
		{0EE21372-87ED-4B68-919F-902742323E01}.Release|Any CPU.Build.0 = Release|Any CPU
	EndGlobalSection
	GlobalSection(SolutionProperties) = preSolution
		HideSolutionNode = FALSE
	EndGlobalSection
	GlobalSection(ExtensibilityGlobals) = postSolution
		SolutionGuid = {F24A159E-8613-4DA9-B067-7C95CEE963BE}
	EndGlobalSection
EndGlobal
