
Microsoft Visual Studio Solution File, Format Version 12.00
# Visual Studio Version 17
VisualStudioVersion = 17.10.35122.118
MinimumVisualStudioVersion = 10.0.40219.1
Project("{FAE04EC0-301F-11D3-BF4B-00C04F79EFBC}") = "Lab assignment 1", "Lab assignment 1.csproj", "{EB9B04D2-22D3-4705-8F43-C13C871E42E5}"
EndProject
Global
	GlobalSection(SolutionConfigurationPlatforms) = preSolution
		Debug|Any CPU = Debug|Any CPU
		Release|Any CPU = Release|Any CPU
	EndGlobalSection
	GlobalSection(ProjectConfigurationPlatforms) = postSolution
		{EB9B04D2-22D3-4705-8F43-C13C871E42E5}.Debug|Any CPU.ActiveCfg = Debug|Any CPU
		{EB9B04D2-22D3-4705-8F43-C13C871E42E5}.Debug|Any CPU.Build.0 = Debug|Any CPU
		{EB9B04D2-22D3-4705-8F43-C13C871E42E5}.Release|Any CPU.ActiveCfg = Release|Any CPU
		{EB9B04D2-22D3-4705-8F43-C13C871E42E5}.Release|Any CPU.Build.0 = Release|Any CPU
	EndGlobalSection
	GlobalSection(SolutionProperties) = preSolution
		HideSolutionNode = FALSE
	EndGlobalSection
	GlobalSection(ExtensibilityGlobals) = postSolution
		SolutionGuid = {8945B5D7-101C-4775-8848-4C8B4E3DDA27}
	EndGlobalSection
EndGlobal
